PODS:
  - Material (2.6.3):
    - Material/Core (= 2.6.3)
  - Material/Capture (2.6.3):
    - Material/Core
  - Material/Core (2.6.3)
  - Material/Photos (2.6.3):
    - Material/Core

DEPENDENCIES:
  - Material (~> 2.0)
  - Material/Capture (~> 2.0)
  - Material/Photos (~> 2.0)

SPEC CHECKSUMS:
  Material: af607a7ec0e9978ef85cf189a3d8ceeeb650400f

PODFILE CHECKSUM: 605893e8077e01a1ce9398ebcad8c7e446c5933d

COCOAPODS: 1.1.1
